
Microsoft Visual Studio Solution File, Format Version 12.00
# Visual Studio Version 17
VisualStudioVersion = 17.0.31903.59
MinimumVisualStudioVersion = 10.0.40219.1
Project("{2150E333-8FDC-42A3-9474-1A3956D46DE8}") = "src", "src", "{827E0CD3-B72D-47B6-A68D-7590B98EB39B}"
EndProject
Project("{FAE04EC0-301F-11D3-BF4B-00C04F79EFBC}") = "OpenSync.Core", "src\OpenSync.Core\OpenSync.Core.csproj", "{3734B4D3-49AC-459E-8CD3-F62130AB2333}"
EndProject
Project("{FAE04EC0-301F-11D3-BF4B-00C04F79EFBC}") = "OpenSync.Application", "src\OpenSync.Application\OpenSync.Application.csproj", "{A2A58DB5-CBD5-4705-A207-A028795A2FB6}"
EndProject
Project("{FAE04EC0-301F-11D3-BF4B-00C04F79EFBC}") = "OpenSync.Infrastructure", "src\OpenSync.Infrastructure\OpenSync.Infrastructure.csproj", "{F1B7DFA9-8F81-4CD6-9090-CEFCC944B043}"
EndProject
Project("{FAE04EC0-301F-11D3-BF4B-00C04F79EFBC}") = "OpenSync.Api", "src\OpenSync.Api\OpenSync.Api.csproj", "{09319301-298E-4236-B44C-C5418BB3E5C8}"
EndProject
Project("{2150E333-8FDC-42A3-9474-1A3956D46DE8}") = "packages", "packages", "{809F86A1-1C4C-B159-0CD4-DF9D33D876CE}"
EndProject
Project("{FAE04EC0-301F-11D3-BF4B-00C04F79EFBC}") = "OpenSync.Sdk", "packages\OpenSync.Sdk\OpenSync.Sdk.csproj", "{8396B64C-CEA4-413B-9425-EC11581912AD}"
EndProject
Project("{FAE04EC0-301F-11D3-BF4B-00C04F79EFBC}") = "OpenSync.AspNetCore", "packages\OpenSync.AspNetCore\OpenSync.AspNetCore.csproj", "{3311CF9F-AF5D-48C2-9305-52C07120017A}"
EndProject
Project("{2150E333-8FDC-42A3-9474-1A3956D46DE8}") = "tests", "tests", "{0AB3BF05-4346-4AA6-1389-037BE0695223}"
EndProject
Project("{FAE04EC0-301F-11D3-BF4B-00C04F79EFBC}") = "OpenSync.Core.Tests", "tests\OpenSync.Core.Tests\OpenSync.Core.Tests.csproj", "{78D9896E-8DA2-4243-89E3-4B5E7DEE3D88}"
EndProject
Project("{FAE04EC0-301F-11D3-BF4B-00C04F79EFBC}") = "OpenSync.Application.Tests", "tests\OpenSync.Application.Tests\OpenSync.Application.Tests.csproj", "{6544764B-7DA6-4254-B38A-5E805B69AE17}"
EndProject
Project("{FAE04EC0-301F-11D3-BF4B-00C04F79EFBC}") = "OpenSync.Infrastructure.Tests", "tests\OpenSync.Infrastructure.Tests\OpenSync.Infrastructure.Tests.csproj", "{C669E5C2-3DAD-4FD2-ABC9-069DAE9C6DEA}"
EndProject
Project("{FAE04EC0-301F-11D3-BF4B-00C04F79EFBC}") = "OpenSync.Api.Tests", "tests\OpenSync.Api.Tests\OpenSync.Api.Tests.csproj", "{B398F30D-848B-472B-AE11-E9E431E2E88B}"
EndProject
Project("{FAE04EC0-301F-11D3-BF4B-00C04F79EFBC}") = "OpenSync.IntegrationTests", "tests\OpenSync.IntegrationTests\OpenSync.IntegrationTests.csproj", "{DC0F5580-4EFE-4823-AADB-BE1EF9BFD8E5}"
EndProject
Global
	GlobalSection(SolutionConfigurationPlatforms) = preSolution
		Debug|Any CPU = Debug|Any CPU
		Debug|x64 = Debug|x64
		Debug|x86 = Debug|x86
		Release|Any CPU = Release|Any CPU
		Release|x64 = Release|x64
		Release|x86 = Release|x86
	EndGlobalSection
	GlobalSection(ProjectConfigurationPlatforms) = postSolution
		{3734B4D3-49AC-459E-8CD3-F62130AB2333}.Debug|Any CPU.ActiveCfg = Debug|Any CPU
		{3734B4D3-49AC-459E-8CD3-F62130AB2333}.Debug|Any CPU.Build.0 = Debug|Any CPU
		{3734B4D3-49AC-459E-8CD3-F62130AB2333}.Debug|x64.ActiveCfg = Debug|Any CPU
		{3734B4D3-49AC-459E-8CD3-F62130AB2333}.Debug|x64.Build.0 = Debug|Any CPU
		{3734B4D3-49AC-459E-8CD3-F62130AB2333}.Debug|x86.ActiveCfg = Debug|Any CPU
		{3734B4D3-49AC-459E-8CD3-F62130AB2333}.Debug|x86.Build.0 = Debug|Any CPU
		{3734B4D3-49AC-459E-8CD3-F62130AB2333}.Release|Any CPU.ActiveCfg = Release|Any CPU
		{3734B4D3-49AC-459E-8CD3-F62130AB2333}.Release|Any CPU.Build.0 = Release|Any CPU
		{3734B4D3-49AC-459E-8CD3-F62130AB2333}.Release|x64.ActiveCfg = Release|Any CPU
		{3734B4D3-49AC-459E-8CD3-F62130AB2333}.Release|x64.Build.0 = Release|Any CPU
		{3734B4D3-49AC-459E-8CD3-F62130AB2333}.Release|x86.ActiveCfg = Release|Any CPU
		{3734B4D3-49AC-459E-8CD3-F62130AB2333}.Release|x86.Build.0 = Release|Any CPU
		{A2A58DB5-CBD5-4705-A207-A028795A2FB6}.Debug|Any CPU.ActiveCfg = Debug|Any CPU
		{A2A58DB5-CBD5-4705-A207-A028795A2FB6}.Debug|Any CPU.Build.0 = Debug|Any CPU
		{A2A58DB5-CBD5-4705-A207-A028795A2FB6}.Debug|x64.ActiveCfg = Debug|Any CPU
		{A2A58DB5-CBD5-4705-A207-A028795A2FB6}.Debug|x64.Build.0 = Debug|Any CPU
		{A2A58DB5-CBD5-4705-A207-A028795A2FB6}.Debug|x86.ActiveCfg = Debug|Any CPU
		{A2A58DB5-CBD5-4705-A207-A028795A2FB6}.Debug|x86.Build.0 = Debug|Any CPU
		{A2A58DB5-CBD5-4705-A207-A028795A2FB6}.Release|Any CPU.ActiveCfg = Release|Any CPU
		{A2A58DB5-CBD5-4705-A207-A028795A2FB6}.Release|Any CPU.Build.0 = Release|Any CPU
		{A2A58DB5-CBD5-4705-A207-A028795A2FB6}.Release|x64.ActiveCfg = Release|Any CPU
		{A2A58DB5-CBD5-4705-A207-A028795A2FB6}.Release|x64.Build.0 = Release|Any CPU
		{A2A58DB5-CBD5-4705-A207-A028795A2FB6}.Release|x86.ActiveCfg = Release|Any CPU
		{A2A58DB5-CBD5-4705-A207-A028795A2FB6}.Release|x86.Build.0 = Release|Any CPU
		{F1B7DFA9-8F81-4CD6-9090-CEFCC944B043}.Debug|Any CPU.ActiveCfg = Debug|Any CPU
		{F1B7DFA9-8F81-4CD6-9090-CEFCC944B043}.Debug|Any CPU.Build.0 = Debug|Any CPU
		{F1B7DFA9-8F81-4CD6-9090-CEFCC944B043}.Debug|x64.ActiveCfg = Debug|Any CPU
		{F1B7DFA9-8F81-4CD6-9090-CEFCC944B043}.Debug|x64.Build.0 = Debug|Any CPU
		{F1B7DFA9-8F81-4CD6-9090-CEFCC944B043}.Debug|x86.ActiveCfg = Debug|Any CPU
		{F1B7DFA9-8F81-4CD6-9090-CEFCC944B043}.Debug|x86.Build.0 = Debug|Any CPU
		{F1B7DFA9-8F81-4CD6-9090-CEFCC944B043}.Release|Any CPU.ActiveCfg = Release|Any CPU
		{F1B7DFA9-8F81-4CD6-9090-CEFCC944B043}.Release|Any CPU.Build.0 = Release|Any CPU
		{F1B7DFA9-8F81-4CD6-9090-CEFCC944B043}.Release|x64.ActiveCfg = Release|Any CPU
		{F1B7DFA9-8F81-4CD6-9090-CEFCC944B043}.Release|x64.Build.0 = Release|Any CPU
		{F1B7DFA9-8F81-4CD6-9090-CEFCC944B043}.Release|x86.ActiveCfg = Release|Any CPU
		{F1B7DFA9-8F81-4CD6-9090-CEFCC944B043}.Release|x86.Build.0 = Release|Any CPU
		{09319301-298E-4236-B44C-C5418BB3E5C8}.Debug|Any CPU.ActiveCfg = Debug|Any CPU
		{09319301-298E-4236-B44C-C5418BB3E5C8}.Debug|Any CPU.Build.0 = Debug|Any CPU
		{09319301-298E-4236-B44C-C5418BB3E5C8}.Debug|x64.ActiveCfg = Debug|Any CPU
		{09319301-298E-4236-B44C-C5418BB3E5C8}.Debug|x64.Build.0 = Debug|Any CPU
		{09319301-298E-4236-B44C-C5418BB3E5C8}.Debug|x86.ActiveCfg = Debug|Any CPU
		{09319301-298E-4236-B44C-C5418BB3E5C8}.Debug|x86.Build.0 = Debug|Any CPU
		{09319301-298E-4236-B44C-C5418BB3E5C8}.Release|Any CPU.ActiveCfg = Release|Any CPU
		{09319301-298E-4236-B44C-C5418BB3E5C8}.Release|Any CPU.Build.0 = Release|Any CPU
		{09319301-298E-4236-B44C-C5418BB3E5C8}.Release|x64.ActiveCfg = Release|Any CPU
		{09319301-298E-4236-B44C-C5418BB3E5C8}.Release|x64.Build.0 = Release|Any CPU
		{09319301-298E-4236-B44C-C5418BB3E5C8}.Release|x86.ActiveCfg = Release|Any CPU
		{09319301-298E-4236-B44C-C5418BB3E5C8}.Release|x86.Build.0 = Release|Any CPU
		{8396B64C-CEA4-413B-9425-EC11581912AD}.Debug|Any CPU.ActiveCfg = Debug|Any CPU
		{8396B64C-CEA4-413B-9425-EC11581912AD}.Debug|Any CPU.Build.0 = Debug|Any CPU
		{8396B64C-CEA4-413B-9425-EC11581912AD}.Debug|x64.ActiveCfg = Debug|Any CPU
		{8396B64C-CEA4-413B-9425-EC11581912AD}.Debug|x64.Build.0 = Debug|Any CPU
		{8396B64C-CEA4-413B-9425-EC11581912AD}.Debug|x86.ActiveCfg = Debug|Any CPU
		{8396B64C-CEA4-413B-9425-EC11581912AD}.Debug|x86.Build.0 = Debug|Any CPU
		{8396B64C-CEA4-413B-9425-EC11581912AD}.Release|Any CPU.ActiveCfg = Release|Any CPU
		{8396B64C-CEA4-413B-9425-EC11581912AD}.Release|Any CPU.Build.0 = Release|Any CPU
		{8396B64C-CEA4-413B-9425-EC11581912AD}.Release|x64.ActiveCfg = Release|Any CPU
		{8396B64C-CEA4-413B-9425-EC11581912AD}.Release|x64.Build.0 = Release|Any CPU
		{8396B64C-CEA4-413B-9425-EC11581912AD}.Release|x86.ActiveCfg = Release|Any CPU
		{8396B64C-CEA4-413B-9425-EC11581912AD}.Release|x86.Build.0 = Release|Any CPU
		{3311CF9F-AF5D-48C2-9305-52C07120017A}.Debug|Any CPU.ActiveCfg = Debug|Any CPU
		{3311CF9F-AF5D-48C2-9305-52C07120017A}.Debug|Any CPU.Build.0 = Debug|Any CPU
		{3311CF9F-AF5D-48C2-9305-52C07120017A}.Debug|x64.ActiveCfg = Debug|Any CPU
		{3311CF9F-AF5D-48C2-9305-52C07120017A}.Debug|x64.Build.0 = Debug|Any CPU
		{3311CF9F-AF5D-48C2-9305-52C07120017A}.Debug|x86.ActiveCfg = Debug|Any CPU
		{3311CF9F-AF5D-48C2-9305-52C07120017A}.Debug|x86.Build.0 = Debug|Any CPU
		{3311CF9F-AF5D-48C2-9305-52C07120017A}.Release|Any CPU.ActiveCfg = Release|Any CPU
		{3311CF9F-AF5D-48C2-9305-52C07120017A}.Release|Any CPU.Build.0 = Release|Any CPU
		{3311CF9F-AF5D-48C2-9305-52C07120017A}.Release|x64.ActiveCfg = Release|Any CPU
		{3311CF9F-AF5D-48C2-9305-52C07120017A}.Release|x64.Build.0 = Release|Any CPU
		{3311CF9F-AF5D-48C2-9305-52C07120017A}.Release|x86.ActiveCfg = Release|Any CPU
		{3311CF9F-AF5D-48C2-9305-52C07120017A}.Release|x86.Build.0 = Release|Any CPU
		{78D9896E-8DA2-4243-89E3-4B5E7DEE3D88}.Debug|Any CPU.ActiveCfg = Debug|Any CPU
		{78D9896E-8DA2-4243-89E3-4B5E7DEE3D88}.Debug|Any CPU.Build.0 = Debug|Any CPU
		{78D9896E-8DA2-4243-89E3-4B5E7DEE3D88}.Debug|x64.ActiveCfg = Debug|Any CPU
		{78D9896E-8DA2-4243-89E3-4B5E7DEE3D88}.Debug|x64.Build.0 = Debug|Any CPU
		{78D9896E-8DA2-4243-89E3-4B5E7DEE3D88}.Debug|x86.ActiveCfg = Debug|Any CPU
		{78D9896E-8DA2-4243-89E3-4B5E7DEE3D88}.Debug|x86.Build.0 = Debug|Any CPU
		{78D9896E-8DA2-4243-89E3-4B5E7DEE3D88}.Release|Any CPU.ActiveCfg = Release|Any CPU
		{78D9896E-8DA2-4243-89E3-4B5E7DEE3D88}.Release|Any CPU.Build.0 = Release|Any CPU
		{78D9896E-8DA2-4243-89E3-4B5E7DEE3D88}.Release|x64.ActiveCfg = Release|Any CPU
		{78D9896E-8DA2-4243-89E3-4B5E7DEE3D88}.Release|x64.Build.0 = Release|Any CPU
		{78D9896E-8DA2-4243-89E3-4B5E7DEE3D88}.Release|x86.ActiveCfg = Release|Any CPU
		{78D9896E-8DA2-4243-89E3-4B5E7DEE3D88}.Release|x86.Build.0 = Release|Any CPU
		{6544764B-7DA6-4254-B38A-5E805B69AE17}.Debug|Any CPU.ActiveCfg = Debug|Any CPU
		{6544764B-7DA6-4254-B38A-5E805B69AE17}.Debug|Any CPU.Build.0 = Debug|Any CPU
		{6544764B-7DA6-4254-B38A-5E805B69AE17}.Debug|x64.ActiveCfg = Debug|Any CPU
		{6544764B-7DA6-4254-B38A-5E805B69AE17}.Debug|x64.Build.0 = Debug|Any CPU
		{6544764B-7DA6-4254-B38A-5E805B69AE17}.Debug|x86.ActiveCfg = Debug|Any CPU
		{6544764B-7DA6-4254-B38A-5E805B69AE17}.Debug|x86.Build.0 = Debug|Any CPU
		{6544764B-7DA6-4254-B38A-5E805B69AE17}.Release|Any CPU.ActiveCfg = Release|Any CPU
		{6544764B-7DA6-4254-B38A-5E805B69AE17}.Release|Any CPU.Build.0 = Release|Any CPU
		{6544764B-7DA6-4254-B38A-5E805B69AE17}.Release|x64.ActiveCfg = Release|Any CPU
		{6544764B-7DA6-4254-B38A-5E805B69AE17}.Release|x64.Build.0 = Release|Any CPU
		{6544764B-7DA6-4254-B38A-5E805B69AE17}.Release|x86.ActiveCfg = Release|Any CPU
		{6544764B-7DA6-4254-B38A-5E805B69AE17}.Release|x86.Build.0 = Release|Any CPU
		{C669E5C2-3DAD-4FD2-ABC9-069DAE9C6DEA}.Debug|Any CPU.ActiveCfg = Debug|Any CPU
		{C669E5C2-3DAD-4FD2-ABC9-069DAE9C6DEA}.Debug|Any CPU.Build.0 = Debug|Any CPU
		{C669E5C2-3DAD-4FD2-ABC9-069DAE9C6DEA}.Debug|x64.ActiveCfg = Debug|Any CPU
		{C669E5C2-3DAD-4FD2-ABC9-069DAE9C6DEA}.Debug|x64.Build.0 = Debug|Any CPU
		{C669E5C2-3DAD-4FD2-ABC9-069DAE9C6DEA}.Debug|x86.ActiveCfg = Debug|Any CPU
		{C669E5C2-3DAD-4FD2-ABC9-069DAE9C6DEA}.Debug|x86.Build.0 = Debug|Any CPU
		{C669E5C2-3DAD-4FD2-ABC9-069DAE9C6DEA}.Release|Any CPU.ActiveCfg = Release|Any CPU
		{C669E5C2-3DAD-4FD2-ABC9-069DAE9C6DEA}.Release|Any CPU.Build.0 = Release|Any CPU
		{C669E5C2-3DAD-4FD2-ABC9-069DAE9C6DEA}.Release|x64.ActiveCfg = Release|Any CPU
		{C669E5C2-3DAD-4FD2-ABC9-069DAE9C6DEA}.Release|x64.Build.0 = Release|Any CPU
		{C669E5C2-3DAD-4FD2-ABC9-069DAE9C6DEA}.Release|x86.ActiveCfg = Release|Any CPU
		{C669E5C2-3DAD-4FD2-ABC9-069DAE9C6DEA}.Release|x86.Build.0 = Release|Any CPU
		{B398F30D-848B-472B-AE11-E9E431E2E88B}.Debug|Any CPU.ActiveCfg = Debug|Any CPU
		{B398F30D-848B-472B-AE11-E9E431E2E88B}.Debug|Any CPU.Build.0 = Debug|Any CPU
		{B398F30D-848B-472B-AE11-E9E431E2E88B}.Debug|x64.ActiveCfg = Debug|Any CPU
		{B398F30D-848B-472B-AE11-E9E431E2E88B}.Debug|x64.Build.0 = Debug|Any CPU
		{B398F30D-848B-472B-AE11-E9E431E2E88B}.Debug|x86.ActiveCfg = Debug|Any CPU
		{B398F30D-848B-472B-AE11-E9E431E2E88B}.Debug|x86.Build.0 = Debug|Any CPU
		{B398F30D-848B-472B-AE11-E9E431E2E88B}.Release|Any CPU.ActiveCfg = Release|Any CPU
		{B398F30D-848B-472B-AE11-E9E431E2E88B}.Release|Any CPU.Build.0 = Release|Any CPU
		{B398F30D-848B-472B-AE11-E9E431E2E88B}.Release|x64.ActiveCfg = Release|Any CPU
		{B398F30D-848B-472B-AE11-E9E431E2E88B}.Release|x64.Build.0 = Release|Any CPU
		{B398F30D-848B-472B-AE11-E9E431E2E88B}.Release|x86.ActiveCfg = Release|Any CPU
		{B398F30D-848B-472B-AE11-E9E431E2E88B}.Release|x86.Build.0 = Release|Any CPU
		{DC0F5580-4EFE-4823-AADB-BE1EF9BFD8E5}.Debug|Any CPU.ActiveCfg = Debug|Any CPU
		{DC0F5580-4EFE-4823-AADB-BE1EF9BFD8E5}.Debug|Any CPU.Build.0 = Debug|Any CPU
		{DC0F5580-4EFE-4823-AADB-BE1EF9BFD8E5}.Debug|x64.ActiveCfg = Debug|Any CPU
		{DC0F5580-4EFE-4823-AADB-BE1EF9BFD8E5}.Debug|x64.Build.0 = Debug|Any CPU
		{DC0F5580-4EFE-4823-AADB-BE1EF9BFD8E5}.Debug|x86.ActiveCfg = Debug|Any CPU
		{DC0F5580-4EFE-4823-AADB-BE1EF9BFD8E5}.Debug|x86.Build.0 = Debug|Any CPU
		{DC0F5580-4EFE-4823-AADB-BE1EF9BFD8E5}.Release|Any CPU.ActiveCfg = Release|Any CPU
		{DC0F5580-4EFE-4823-AADB-BE1EF9BFD8E5}.Release|Any CPU.Build.0 = Release|Any CPU
		{DC0F5580-4EFE-4823-AADB-BE1EF9BFD8E5}.Release|x64.ActiveCfg = Release|Any CPU
		{DC0F5580-4EFE-4823-AADB-BE1EF9BFD8E5}.Release|x64.Build.0 = Release|Any CPU
		{DC0F5580-4EFE-4823-AADB-BE1EF9BFD8E5}.Release|x86.ActiveCfg = Release|Any CPU
		{DC0F5580-4EFE-4823-AADB-BE1EF9BFD8E5}.Release|x86.Build.0 = Release|Any CPU
	EndGlobalSection
	GlobalSection(SolutionProperties) = preSolution
		HideSolutionNode = FALSE
	EndGlobalSection
	GlobalSection(NestedProjects) = preSolution
		{3734B4D3-49AC-459E-8CD3-F62130AB2333} = {827E0CD3-B72D-47B6-A68D-7590B98EB39B}
		{A2A58DB5-CBD5-4705-A207-A028795A2FB6} = {827E0CD3-B72D-47B6-A68D-7590B98EB39B}
		{F1B7DFA9-8F81-4CD6-9090-CEFCC944B043} = {827E0CD3-B72D-47B6-A68D-7590B98EB39B}
		{09319301-298E-4236-B44C-C5418BB3E5C8} = {827E0CD3-B72D-47B6-A68D-7590B98EB39B}
		{8396B64C-CEA4-413B-9425-EC11581912AD} = {809F86A1-1C4C-B159-0CD4-DF9D33D876CE}
		{3311CF9F-AF5D-48C2-9305-52C07120017A} = {809F86A1-1C4C-B159-0CD4-DF9D33D876CE}
		{78D9896E-8DA2-4243-89E3-4B5E7DEE3D88} = {0AB3BF05-4346-4AA6-1389-037BE0695223}
		{6544764B-7DA6-4254-B38A-5E805B69AE17} = {0AB3BF05-4346-4AA6-1389-037BE0695223}
		{C669E5C2-3DAD-4FD2-ABC9-069DAE9C6DEA} = {0AB3BF05-4346-4AA6-1389-037BE0695223}
		{B398F30D-848B-472B-AE11-E9E431E2E88B} = {0AB3BF05-4346-4AA6-1389-037BE0695223}
		{DC0F5580-4EFE-4823-AADB-BE1EF9BFD8E5} = {0AB3BF05-4346-4AA6-1389-037BE0695223}
	EndGlobalSection
EndGlobal
